Microsoft Visual Studio Solution File, Format Version 12.00
# Visual Studio Version 17
VisualStudioVersion = 17.5.2.0
MinimumVisualStudioVersion = 10.0.40219.1
Project("{FAE04EC0-301F-11D3-BF4B-00C04F79EFBC}") = "DreamOn.HelloSudoku", "DreamOn.HelloSudoku.csproj", "{E5EDCB0E-ECA9-9089-E703-98997D256D23}"
EndProject
Global
	GlobalSection(SolutionConfigurationPlatforms) = preSolution
		Debug|Any CPU = Debug|Any CPU
		Release|Any CPU = Release|Any CPU
	EndGlobalSection
	GlobalSection(ProjectConfigurationPlatforms) = postSolution
		{E5EDCB0E-ECA9-9089-E703-98997D256D23}.Debug|Any CPU.ActiveCfg = Debug|Any CPU
		{E5EDCB0E-ECA9-9089-E703-98997D256D23}.Debug|Any CPU.Build.0 = Debug|Any CPU
		{E5EDCB0E-ECA9-9089-E703-98997D256D23}.Release|Any CPU.ActiveCfg = Release|Any CPU
		{E5EDCB0E-ECA9-9089-E703-98997D256D23}.Release|Any CPU.Build.0 = Release|Any CPU
	EndGlobalSection
	GlobalSection(SolutionProperties) = preSolution
		HideSolutionNode = FALSE
	EndGlobalSection
	GlobalSection(ExtensibilityGlobals) = postSolution
		SolutionGuid = {F86270CA-5201-483A-9524-8FA0B8BBAF19}
	EndGlobalSection
EndGlobal
